{
  "version": 1,
  "dependencies": {
    "net10.0-windows7.0": {
      "CefSharp.Common.NETCore": {
        "type": "Direct",
        "requested": "[152.0.100, )",
        "resolved": "152.0.100",
        "contentHash": "wDaAsZeb7ifWL5W8XsOKJBOpbuWH3NRU3aSU/CfO5TGvwQWjvjx7sh0FWLHfG3bZZMF1e8QUWfKfNn85NHya/w==",
        "dependencies": {
          "chromiumembeddedframework.runtime": "[152.0.10]"
        }
      },
      "CefSharp.OffScreen.NETCore": {
        "type": "Direct",
        "requested": "[152.0.100, )",
        "resolved": "152.0.100",
        "contentHash": "H2yQat7HiW5Hy0g6rRs/gunbQWTgCn+2nA0ert+9OJ7WomOZ/g6dIDQ1kyTIdoOtY6qZrkpo+SUaPO1B9tLcsw==",
        "dependencies": {
          "CefSharp.Common.NETCore": "[152.0.100]"
        }
      },
      "SharedMemory": {
        "type": "Direct",
        "requested": "[2.3.2, )",
        "resolved": "2.3.2",
        "contentHash": "hH34Y9xzvdJpgf/vwyWE/zYlY4BdQS3Zolfdg+8hV9A+UQRsBWyBS62kcLO55mF4etmMoL0PswEbT3lVXJSlFw=="
      },
      "chromiumembeddedframework.runtime": {
        "type": "Transitive",
        "resolved": "152.0.10",
        "contentHash": "p6i+/zgbhG6k239x4l2a6ye7VfkhiASk2WqLmdPZiwJyDU7qAE08g4TK1WQNJqgjsizIzkYy/xyvH/JQ8UZ+gg=="
      },
      "FlatSharp.Runtime": {
        "type": "Transitive",
        "resolved": "7.9.0",
        "contentHash": "Bm8+WqzEsWNpxqrD5x4x+zQ8dyINlToCreM5FI2oNSfUVc9U9ZB+qztX/jd8rlJb3r0vBSlPwVLpw0xBtPa3Vw=="
      },
      "browsingway.common": {
        "type": "Project",
        "dependencies": {
          "FlatSharp.Runtime": "[7.9.0, )",
          "SharedMemory": "[2.3.2, )"
        }
      }
    },
    "net10.0-windows7.0/win-x64": {
      "CefSharp.Common.NETCore": {
        "type": "Direct",
        "requested": "[152.0.100, )",
        "resolved": "152.0.100",
        "contentHash": "wDaAsZeb7ifWL5W8XsOKJBOpbuWH3NRU3aSU/CfO5TGvwQWjvjx7sh0FWLHfG3bZZMF1e8QUWfKfNn85NHya/w==",
        "dependencies": {
          "chromiumembeddedframework.runtime": "[152.0.10]"
        }
      },
      "chromiumembeddedframework.runtime": {
        "type": "Transitive",
        "resolved": "152.0.10",
        "contentHash": "p6i+/zgbhG6k239x4l2a6ye7VfkhiASk2WqLmdPZiwJyDU7qAE08g4TK1WQNJqgjsizIzkYy/xyvH/JQ8UZ+gg==",
        "dependencies": {
          "chromiumembeddedframework.runtime.win-x64": "152.0.10"
        }
      },
      "chromiumembeddedframework.runtime.win-x64": {
        "type": "Transitive",
        "resolved": "152.0.10",
        "contentHash": "zkLk72hPS0YqIp1SzvYKzsUdLT2Fm3tSbiBfQtkQS+6+LIOrj1B5mp9sPynya5rt9PeFOeQlhKx4VbiJSI+x1w=="
      }
    }
  }
}